schema: '2.0'
stages:
  data_ingestion:
    cmd: python src/data_ingestion.py
    deps:
    - path: src/data_ingestion.py
      hash: md5
      md5: d4a1c2808c69d76d74d096f5089edb4e
      size: 663
    outs:
    - path: data/raw
      hash: md5
      md5: 38ae4a0f6dd5bff24e52222e752c55ff.dir
      size: 15650266
      nfiles: 2
  data_preprocessing:
    cmd: python src/data_preprocessing.py
    deps:
    - path: data/raw
      hash: md5
      md5: 38ae4a0f6dd5bff24e52222e752c55ff.dir
      size: 15650266
      nfiles: 2
    - path: src/data_preprocessing.py
      hash: md5
      md5: a28a63325ae745b6eb4f80e59880fb4f
      size: 5862
    outs:
    - path: data/processed
      hash: md5
      md5: 979748e8f83f2161d027a477f169bd1f.dir
      size: 6091559
      nfiles: 2
  feature_engineering:
    cmd: python src/feature_engineering.py
    deps:
    - path: data/processed
      hash: md5
      md5: 979748e8f83f2161d027a477f169bd1f.dir
      size: 6091559
      nfiles: 2
    - path: src/feature_engineering.py
      hash: md5
      md5: 911386fd47071061890573d1fc7491a1
      size: 5114
    outs:
    - path: data/feature
      hash: md5
      md5: 69768cc680827fa5b32c81e9e9c29c34.dir
      size: 7000762
      nfiles: 2
  model_building:
    cmd: python src/model_building.py
    deps:
    - path: data/feature
      hash: md5
      md5: 69768cc680827fa5b32c81e9e9c29c34.dir
      size: 7000762
      nfiles: 2
    - path: src/model_building.py
      hash: md5
      md5: c17741ee6c70869e7d6226c8b892cd67
      size: 1984
    outs:
    - path: models/lightgbm_model.pkl
      hash: md5
      md5: 67c6c8cd8ec672016584f634aa62985f
      size: 369925
    - path: models/scaler.pkl
      hash: md5
      md5: 4d48ce39e2ba80bf452f10e5c286c1b4
      size: 888
