schema: '2.0'
stages:
  data_ingestion:
    cmd: python src/data_ingestion.py
    deps:
    - path: src/data_ingestion.py
      hash: md5
      md5: 5f02e20370fa211175bdbe606a9af0cb
      size: 2712
    outs:
    - path: data/raw
      hash: md5
      md5: 38ae4a0f6dd5bff24e52222e752c55ff.dir
      size: 15650266
      nfiles: 2
  data_preprocessing:
    cmd: python src/data_preprocessing.py
    deps:
    - path: data/raw
      hash: md5
      md5: 38ae4a0f6dd5bff24e52222e752c55ff.dir
      size: 15650266
      nfiles: 2
    - path: src/data_preprocessing.py
      hash: md5
      md5: 6ff2df3996a20360b79ba36586825461
      size: 7752
    - path: src/missing_value_imputer.py
      hash: md5
      md5: c85ebc9721f84c307d0d5d5fd35e9f7a
      size: 2452
    outs:
    - path: data/processed
      hash: md5
      md5: 979748e8f83f2161d027a477f169bd1f.dir
      size: 6091559
      nfiles: 2
  feature_engineering:
    cmd: python src/feature_engineering.py
    deps:
    - path: data/processed
      hash: md5
      md5: 979748e8f83f2161d027a477f169bd1f.dir
      size: 6091559
      nfiles: 2
    - path: src/feature_engineering.py
      hash: md5
      md5: ff73c9de7c74467cf3938f23510002b0
      size: 13073
    outs:
    - path: data/feature
      hash: md5
      md5: 69768cc680827fa5b32c81e9e9c29c34.dir
      size: 7000762
      nfiles: 2
  model_building:
    cmd: python src/model_building.py
    deps:
    - path: data/feature
      hash: md5
      md5: 69768cc680827fa5b32c81e9e9c29c34.dir
      size: 7000762
      nfiles: 2
    - path: params.yaml
      hash: md5
      md5: bcc3363e440ccb987bd570c9ad2c4882
      size: 227
    - path: src/model_building.py
      hash: md5
      md5: 49a0d7bd432612c0c69312a0dad8a006
      size: 9405
    params:
      params.yaml:
        model_building.class_weight: balanced
        model_building.colsample_bytree: 0.7
        model_building.learning_rate: 0.01
        model_building.min_child_samples: 50
        model_building.n_estimators: 1000
        model_building.num_leaves: 31
        model_building.random_state: 42
        model_building.reg_alpha: 1
        model_building.reg_lambda: 1
        model_building.subsample: 0.8
    outs:
    - path: models/lightgbm_model.pkl
      hash: md5
      md5: cc4103717af20b7eb4de28fa958e66a8
      size: 326966
    - path: models/scaler.pkl
      hash: md5
      md5: 4d48ce39e2ba80bf452f10e5c286c1b4
      size: 888
  model_evaluation:
    cmd: python src/model_evaluation.py
    deps:
    - path: data/feature
      hash: md5
      md5: 69768cc680827fa5b32c81e9e9c29c34.dir
      size: 7000762
      nfiles: 2
    - path: models/lightgbm_model.pkl
      hash: md5
      md5: cc4103717af20b7eb4de28fa958e66a8
      size: 326966
    - path: models/scaler.pkl
      hash: md5
      md5: 4d48ce39e2ba80bf452f10e5c286c1b4
      size: 888
    - path: src/classification_evaluator.py
      hash: md5
      md5: 88c2abb1cc7e5f6586bc0403c882b9b2
      size: 2189
    - path: src/model_evaluation.py
      hash: md5
      md5: 078512b060fa98be02c6199dcdc1eaf7
      size: 6984
    outs:
    - path: reports/evaluation_report.json
      hash: md5
      md5: cb1afcb962c6f998d3ada226da99c973
      size: 186
